// !$*UTF8*$!
{
	archiveVersion = 1;
	classes = {
	};
	objectVersion = 56;
	objects = {

/* Begin PBXBuildFile section */
		E58E90BC2CF27B0500B693BE /* YearsFilter.swift in Sources */ = {isa = PBXBuildFile; fileRef = E58E90BB2CF27B0500B693BE /* YearsFilter.swift */; };
		E58E90BE2CF27BAB00B693BE /* EnginePowerFilter.swift in Sources */ = {isa = PBXBuildFile; fileRef = E58E90BD2CF27BAB00B693BE /* EnginePowerFilter.swift */; };
		E593E53A2CEBC56500184CB3 /* carsscrapApp.swift in Sources */ = {isa = PBXBuildFile; fileRef = E593E5392CEBC56500184CB3 /* carsscrapApp.swift */; };
		E593E53C2CEBC56500184CB3 /* ContentView.swift in Sources */ = {isa = PBXBuildFile; fileRef = E593E53B2CEBC56500184CB3 /* ContentView.swift */; };
		E593E5402CEBC56700184CB3 /* Assets.xcassets in Resources */ = {isa = PBXBuildFile; fileRef = E593E53F2CEBC56700184CB3 /* Assets.xcassets */; };
		E593E5432CEBC56700184CB3 /* Preview Assets.xcassets in Resources */ = {isa = PBXBuildFile; fileRef = E593E5422CEBC56700184CB3 /* Preview Assets.xcassets */; };
		E593E54B2CEBDF8400184CB3 /* DataProvider.swift in Sources */ = {isa = PBXBuildFile; fileRef = E593E54A2CEBDF8400184CB3 /* DataProvider.swift */; };
		E593E54D2CEBE13F00184CB3 /* request.json in Resources */ = {isa = PBXBuildFile; fileRef = E593E54C2CEBE13F00184CB3 /* request.json */; };
		E593E5502CEC96F500184CB3 /* RequestData.swift in Sources */ = {isa = PBXBuildFile; fileRef = E593E54F2CEC96F500184CB3 /* RequestData.swift */; };
		E593E5522CECA4BC00184CB3 /* ResponseModel.swift in Sources */ = {isa = PBXBuildFile; fileRef = E593E5512CECA4BC00184CB3 /* ResponseModel.swift */; };
		E593E5572CECADB500184CB3 /* CarModel.swift in Sources */ = {isa = PBXBuildFile; fileRef = E593E5562CECADB500184CB3 /* CarModel.swift */; };
		E593E55E2CECB51F00184CB3 /* LocalStore.swift in Sources */ = {isa = PBXBuildFile; fileRef = E593E55D2CECB51F00184CB3 /* LocalStore.swift */; };
		E593E5602CECC57000184CB3 /* Updater.swift in Sources */ = {isa = PBXBuildFile; fileRef = E593E55F2CECC57000184CB3 /* Updater.swift */; };
		E593E5622CECC93300184CB3 /* CarsListView.swift in Sources */ = {isa = PBXBuildFile; fileRef = E593E5612CECC93300184CB3 /* CarsListView.swift */; };
		E593E5642CECCA4000184CB3 /* ChartView.swift in Sources */ = {isa = PBXBuildFile; fileRef = E593E5632CECCA4000184CB3 /* ChartView.swift */; };
/* End PBXBuildFile section */

/* Begin PBXFileReference section */
		E58E90BB2CF27B0500B693BE /* YearsFilter.swift */ = {isa = PBXFileReference; lastKnownFileType = sourcecode.swift; path = YearsFilter.swift; sourceTree = "<group>"; };
		E58E90BD2CF27BAB00B693BE /* EnginePowerFilter.swift */ = {isa = PBXFileReference; lastKnownFileType = sourcecode.swift; path = EnginePowerFilter.swift; sourceTree = "<group>"; };
		E593E5362CEBC56500184CB3 /* carsscrap.app */ = {isa = PBXFileReference; explicitFileType = wrapper.application; includeInIndex = 0; path = carsscrap.app; sourceTree = BUILT_PRODUCTS_DIR; };
		E593E5392CEBC56500184CB3 /* carsscrapApp.swift */ = {isa = PBXFileReference; lastKnownFileType = sourcecode.swift; path = carsscrapApp.swift; sourceTree = "<group>"; };
		E593E53B2CEBC56500184CB3 /* ContentView.swift */ = {isa = PBXFileReference; lastKnownFileType = sourcecode.swift; path = ContentView.swift; sourceTree = "<group>"; };
		E593E53F2CEBC56700184CB3 /* Assets.xcassets */ = {isa = PBXFileReference; lastKnownFileType = folder.assetcatalog; path = Assets.xcassets; sourceTree = "<group>"; };
		E593E5422CEBC56700184CB3 /* Preview Assets.xcassets */ = {isa = PBXFileReference; lastKnownFileType = folder.assetcatalog; path = "Preview Assets.xcassets"; sourceTree = "<group>"; };
		E593E5442CEBC56700184CB3 /* carsscrap.entitlements */ = {isa = PBXFileReference; lastKnownFileType = text.plist.entitlements; path = carsscrap.entitlements; sourceTree = "<group>"; };
		E593E54A2CEBDF8400184CB3 /* DataProvider.swift */ = {isa = PBXFileReference; lastKnownFileType = sourcecode.swift; path = DataProvider.swift; sourceTree = "<group>"; };
		E593E54C2CEBE13F00184CB3 /* request.json */ = {isa = PBXFileReference; fileEncoding = 4; lastKnownFileType = text.json; path = request.json; sourceTree = "<group>"; };
		E593E54F2CEC96F500184CB3 /* RequestData.swift */ = {isa = PBXFileReference; lastKnownFileType = sourcecode.swift; path = RequestData.swift; sourceTree = "<group>"; };
		E593E5512CECA4BC00184CB3 /* ResponseModel.swift */ = {isa = PBXFileReference; lastKnownFileType = sourcecode.swift; path = ResponseModel.swift; sourceTree = "<group>"; };
		E593E5562CECADB500184CB3 /* CarModel.swift */ = {isa = PBXFileReference; lastKnownFileType = sourcecode.swift; path = CarModel.swift; sourceTree = "<group>"; };
		E593E55D2CECB51F00184CB3 /* LocalStore.swift */ = {isa = PBXFileReference; lastKnownFileType = sourcecode.swift; path = LocalStore.swift; sourceTree = "<group>"; };
		E593E55F2CECC57000184CB3 /* Updater.swift */ = {isa = PBXFileReference; lastKnownFileType = sourcecode.swift; path = Updater.swift; sourceTree = "<group>"; };
		E593E5612CECC93300184CB3 /* CarsListView.swift */ = {isa = PBXFileReference; lastKnownFileType = sourcecode.swift; path = CarsListView.swift; sourceTree = "<group>"; };
		E593E5632CECCA4000184CB3 /* ChartView.swift */ = {isa = PBXFileReference; lastKnownFileType = sourcecode.swift; path = ChartView.swift; sourceTree = "<group>"; };
/* End PBXFileReference section */

/* Begin PBXFrameworksBuildPhase section */
		E593E5332CEBC56500184CB3 /* Frameworks */ = {
			isa = PBXFrameworksBuildPhase;
			buildActionMask = 2147483647;
			files = (
			);
			runOnlyForDeploymentPostprocessing = 0;
		};
/* End PBXFrameworksBuildPhase section */

/* Begin PBXGroup section */
		E58E90BA2CF26D6A00B693BE /* Views */ = {
			isa = PBXGroup;
			children = (
				E593E5612CECC93300184CB3 /* CarsListView.swift */,
				E593E5632CECCA4000184CB3 /* ChartView.swift */,
				E58E90BB2CF27B0500B693BE /* YearsFilter.swift */,
				E58E90BD2CF27BAB00B693BE /* EnginePowerFilter.swift */,
			);
			path = Views;
			sourceTree = "<group>";
		};
		E593E52D2CEBC56500184CB3 = {
			isa = PBXGroup;
			children = (
				E593E54C2CEBE13F00184CB3 /* request.json */,
				E593E5382CEBC56500184CB3 /* carsscrap */,
				E593E5372CEBC56500184CB3 /* Products */,
			);
			sourceTree = "<group>";
		};
		E593E5372CEBC56500184CB3 /* Products */ = {
			isa = PBXGroup;
			children = (
				E593E5362CEBC56500184CB3 /* carsscrap.app */,
			);
			name = Products;
			sourceTree = "<group>";
		};
		E593E5382CEBC56500184CB3 /* carsscrap */ = {
			isa = PBXGroup;
			children = (
				E58E90BA2CF26D6A00B693BE /* Views */,
				E593E5532CECA69500184CB3 /* Repository */,
				E593E54E2CEC96EA00184CB3 /* Model */,
				E593E5392CEBC56500184CB3 /* carsscrapApp.swift */,
				E593E53B2CEBC56500184CB3 /* ContentView.swift */,
				E593E53F2CEBC56700184CB3 /* Assets.xcassets */,
				E593E5442CEBC56700184CB3 /* carsscrap.entitlements */,
				E593E5412CEBC56700184CB3 /* Preview Content */,
			);
			path = carsscrap;
			sourceTree = "<group>";
		};
		E593E5412CEBC56700184CB3 /* Preview Content */ = {
			isa = PBXGroup;
			children = (
				E593E5422CEBC56700184CB3 /* Preview Assets.xcassets */,
			);
			path = "Preview Content";
			sourceTree = "<group>";
		};
		E593E54E2CEC96EA00184CB3 /* Model */ = {
			isa = PBXGroup;
			children = (
				E593E54F2CEC96F500184CB3 /* RequestData.swift */,
				E593E5512CECA4BC00184CB3 /* ResponseModel.swift */,
			);
			path = Model;
			sourceTree = "<group>";
		};
		E593E5532CECA69500184CB3 /* Repository */ = {
			isa = PBXGroup;
			children = (
				E593E5552CECADAB00184CB3 /* Local */,
				E593E5542CECADA200184CB3 /* Remote */,
				E593E55F2CECC57000184CB3 /* Updater.swift */,
			);
			path = Repository;
			sourceTree = "<group>";
		};
		E593E5542CECADA200184CB3 /* Remote */ = {
			isa = PBXGroup;
			children = (
				E593E54A2CEBDF8400184CB3 /* DataProvider.swift */,
			);
			path = Remote;
			sourceTree = "<group>";
		};
		E593E5552CECADAB00184CB3 /* Local */ = {
			isa = PBXGroup;
			children = (
				E593E5562CECADB500184CB3 /* CarModel.swift */,
				E593E55D2CECB51F00184CB3 /* LocalStore.swift */,
			);
			path = Local;
			sourceTree = "<group>";
		};
/* End PBXGroup section */

/* Begin PBXNativeTarget section */
		E593E5352CEBC56500184CB3 /* carsscrap */ = {
			isa = PBXNativeTarget;
			buildConfigurationList = E593E5472CEBC56700184CB3 /* Build configuration list for PBXNativeTarget "carsscrap" */;
			buildPhases = (
				E593E5322CEBC56500184CB3 /* Sources */,
				E593E5332CEBC56500184CB3 /* Frameworks */,
				E593E5342CEBC56500184CB3 /* Resources */,
			);
			buildRules = (
			);
			dependencies = (
			);
			name = carsscrap;
			productName = carsscrap;
			productReference = E593E5362CEBC56500184CB3 /* carsscrap.app */;
			productType = "com.apple.product-type.application";
		};
/* End PBXNativeTarget section */

/* Begin PBXProject section */
		E593E52E2CEBC56500184CB3 /* Project object */ = {
			isa = PBXProject;
			attributes = {
				BuildIndependentTargetsInParallel = 1;
				LastSwiftUpdateCheck = 1540;
				LastUpgradeCheck = 1540;
				TargetAttributes = {
					E593E5352CEBC56500184CB3 = {
						CreatedOnToolsVersion = 15.4;
					};
				};
			};
			buildConfigurationList = E593E5312CEBC56500184CB3 /* Build configuration list for PBXProject "carsscrap" */;
			compatibilityVersion = "Xcode 14.0";
			developmentRegion = en;
			hasScannedForEncodings = 0;
			knownRegions = (
				en,
				Base,
			);
			mainGroup = E593E52D2CEBC56500184CB3;
			productRefGroup = E593E5372CEBC56500184CB3 /* Products */;
			projectDirPath = "";
			projectRoot = "";
			targets = (
				E593E5352CEBC56500184CB3 /* carsscrap */,
			);
		};
/* End PBXProject section */

/* Begin PBXResourcesBuildPhase section */
		E593E5342CEBC56500184CB3 /* Resources */ = {
			isa = PBXResourcesBuildPhase;
			buildActionMask = 2147483647;
			files = (
				E593E5432CEBC56700184CB3 /* Preview Assets.xcassets in Resources */,
				E593E5402CEBC56700184CB3 /* Assets.xcassets in Resources */,
				E593E54D2CEBE13F00184CB3 /* request.json in Resources */,
			);
			runOnlyForDeploymentPostprocessing = 0;
		};
/* End PBXResourcesBuildPhase section */

/* Begin PBXSourcesBuildPhase section */
		E593E5322CEBC56500184CB3 /* Sources */ = {
			isa = PBXSourcesBuildPhase;
			buildActionMask = 2147483647;
			files = (
				E593E53C2CEBC56500184CB3 /* ContentView.swift in Sources */,
				E58E90BC2CF27B0500B693BE /* YearsFilter.swift in Sources */,
				E593E5572CECADB500184CB3 /* CarModel.swift in Sources */,
				E593E5502CEC96F500184CB3 /* RequestData.swift in Sources */,
				E593E5642CECCA4000184CB3 /* ChartView.swift in Sources */,
				E593E55E2CECB51F00184CB3 /* LocalStore.swift in Sources */,
				E593E54B2CEBDF8400184CB3 /* DataProvider.swift in Sources */,
				E58E90BE2CF27BAB00B693BE /* EnginePowerFilter.swift in Sources */,
				E593E5622CECC93300184CB3 /* CarsListView.swift in Sources */,
				E593E5602CECC57000184CB3 /* Updater.swift in Sources */,
				E593E5522CECA4BC00184CB3 /* ResponseModel.swift in Sources */,
				E593E53A2CEBC56500184CB3 /* carsscrapApp.swift in Sources */,
			);
			runOnlyForDeploymentPostprocessing = 0;
		};
/* End PBXSourcesBuildPhase section */

/* Begin XCBuildConfiguration section */
		E593E5452CEBC56700184CB3 /* Debug */ = {
			isa = XCBuildConfiguration;
			buildSettings = {
				ALWAYS_SEARCH_USER_PATHS = NO;
				ASSETCATALOG_COMPILER_GENERATE_SWIFT_ASSET_SYMBOL_EXTENSIONS = YES;
				CLANG_ANALYZER_NONNULL = YES;
				CLANG_ANALYZER_NUMBER_OBJECT_CONVERSION = YES_AGGRESSIVE;
				CLANG_CXX_LANGUAGE_STANDARD = "gnu++20";
				CLANG_ENABLE_MODULES = YES;
				CLANG_ENABLE_OBJC_ARC = YES;
				CLANG_ENABLE_OBJC_WEAK = YES;
				CLANG_WARN_BLOCK_CAPTURE_AUTORELEASING = YES;
				CLANG_WARN_BOOL_CONVERSION = YES;
				CLANG_WARN_COMMA = YES;
				CLANG_WARN_CONSTANT_CONVERSION = YES;
				CLANG_WARN_DEPRECATED_OBJC_IMPLEMENTATIONS = YES;
				CLANG_WARN_DIRECT_OBJC_ISA_USAGE = YES_ERROR;
				CLANG_WARN_DOCUMENTATION_COMMENTS = YES;
				CLANG_WARN_EMPTY_BODY = YES;
				CLANG_WARN_ENUM_CONVERSION = YES;
				CLANG_WARN_INFINITE_RECURSION = YES;
				CLANG_WARN_INT_CONVERSION = YES;
				CLANG_WARN_NON_LITERAL_NULL_CONVERSION = YES;
				CLANG_WARN_OBJC_IMPLICIT_RETAIN_SELF = YES;
				CLANG_WARN_OBJC_LITERAL_CONVERSION = YES;
				CLANG_WARN_OBJC_ROOT_CLASS = YES_ERROR;
				CLANG_WARN_QUOTED_INCLUDE_IN_FRAMEWORK_HEADER = YES;
				CLANG_WARN_RANGE_LOOP_ANALYSIS = YES;
				CLANG_WARN_STRICT_PROTOTYPES = YES;
				CLANG_WARN_SUSPICIOUS_MOVE = YES;
				CLANG_WARN_UNGUARDED_AVAILABILITY = YES_AGGRESSIVE;
				CLANG_WARN_UNREACHABLE_CODE = YES;
				CLANG_WARN__DUPLICATE_METHOD_MATCH = YES;
				COPY_PHASE_STRIP = NO;
				DEBUG_INFORMATION_FORMAT = dwarf;
				ENABLE_STRICT_OBJC_MSGSEND = YES;
				ENABLE_TESTABILITY = YES;
				ENABLE_USER_SCRIPT_SANDBOXING = YES;
				GCC_C_LANGUAGE_STANDARD = gnu17;
				GCC_DYNAMIC_NO_PIC = NO;
				GCC_NO_COMMON_BLOCKS = YES;
				GCC_OPTIMIZATION_LEVEL = 0;
				GCC_PREPROCESSOR_DEFINITIONS = (
					"DEBUG=1",
					"$(inherited)",
				);
				GCC_WARN_64_TO_32_BIT_CONVERSION = YES;
				GCC_WARN_ABOUT_RETURN_TYPE = YES_ERROR;
				GCC_WARN_UNDECLARED_SELECTOR = YES;
				GCC_WARN_UNINITIALIZED_AUTOS = YES_AGGRESSIVE;
				GCC_WARN_UNUSED_FUNCTION = YES;
				GCC_WARN_UNUSED_VARIABLE = YES;
				LOCALIZATION_PREFERS_STRING_CATALOGS = YES;
				MACOSX_DEPLOYMENT_TARGET = 14.5;
				MTL_ENABLE_DEBUG_INFO = INCLUDE_SOURCE;
				MTL_FAST_MATH = YES;
				ONLY_ACTIVE_ARCH = YES;
				SDKROOT = macosx;
				SWIFT_ACTIVE_COMPILATION_CONDITIONS = "DEBUG $(inherited)";
				SWIFT_OPTIMIZATION_LEVEL = "-Onone";
			};
			name = Debug;
		};
		E593E5462CEBC56700184CB3 /* Release */ = {
			isa = XCBuildConfiguration;
			buildSettings = {
				ALWAYS_SEARCH_USER_PATHS = NO;
				ASSETCATALOG_COMPILER_GENERATE_SWIFT_ASSET_SYMBOL_EXTENSIONS = YES;
				CLANG_ANALYZER_NONNULL = YES;
				CLANG_ANALYZER_NUMBER_OBJECT_CONVERSION = YES_AGGRESSIVE;
				CLANG_CXX_LANGUAGE_STANDARD = "gnu++20";
				CLANG_ENABLE_MODULES = YES;
				CLANG_ENABLE_OBJC_ARC = YES;
				CLANG_ENABLE_OBJC_WEAK = YES;
				CLANG_WARN_BLOCK_CAPTURE_AUTORELEASING = YES;
				CLANG_WARN_BOOL_CONVERSION = YES;
				CLANG_WARN_COMMA = YES;
				CLANG_WARN_CONSTANT_CONVERSION = YES;
				CLANG_WARN_DEPRECATED_OBJC_IMPLEMENTATIONS = YES;
				CLANG_WARN_DIRECT_OBJC_ISA_USAGE = YES_ERROR;
				CLANG_WARN_DOCUMENTATION_COMMENTS = YES;
				CLANG_WARN_EMPTY_BODY = YES;
				CLANG_WARN_ENUM_CONVERSION = YES;
				CLANG_WARN_INFINITE_RECURSION = YES;
				CLANG_WARN_INT_CONVERSION = YES;
				CLANG_WARN_NON_LITERAL_NULL_CONVERSION = YES;
				CLANG_WARN_OBJC_IMPLICIT_RETAIN_SELF = YES;
				CLANG_WARN_OBJC_LITERAL_CONVERSION = YES;
				CLANG_WARN_OBJC_ROOT_CLASS = YES_ERROR;
				CLANG_WARN_QUOTED_INCLUDE_IN_FRAMEWORK_HEADER = YES;
				CLANG_WARN_RANGE_LOOP_ANALYSIS = YES;
				CLANG_WARN_STRICT_PROTOTYPES = YES;
				CLANG_WARN_SUSPICIOUS_MOVE = YES;
				CLANG_WARN_UNGUARDED_AVAILABILITY = YES_AGGRESSIVE;
				CLANG_WARN_UNREACHABLE_CODE = YES;
				CLANG_WARN__DUPLICATE_METHOD_MATCH = YES;
				COPY_PHASE_STRIP = NO;
				DEBUG_INFORMATION_FORMAT = "dwarf-with-dsym";
				ENABLE_NS_ASSERTIONS = NO;
				ENABLE_STRICT_OBJC_MSGSEND = YES;
				ENABLE_USER_SCRIPT_SANDBOXING = YES;
				GCC_C_LANGUAGE_STANDARD = gnu17;
				GCC_NO_COMMON_BLOCKS = YES;
				GCC_WARN_64_TO_32_BIT_CONVERSION = YES;
				GCC_WARN_ABOUT_RETURN_TYPE = YES_ERROR;
				GCC_WARN_UNDECLARED_SELECTOR = YES;
				GCC_WARN_UNINITIALIZED_AUTOS = YES_AGGRESSIVE;
				GCC_WARN_UNUSED_FUNCTION = YES;
				GCC_WARN_UNUSED_VARIABLE = YES;
				LOCALIZATION_PREFERS_STRING_CATALOGS = YES;
				MACOSX_DEPLOYMENT_TARGET = 14.5;
				MTL_ENABLE_DEBUG_INFO = NO;
				MTL_FAST_MATH = YES;
				SDKROOT = macosx;
				SWIFT_COMPILATION_MODE = wholemodule;
			};
			name = Release;
		};
		E593E5482CEBC56700184CB3 /* Debug */ = {
			isa = XCBuildConfiguration;
			buildSettings = {
				ASSETCATALOG_COMPILER_APPICON_NAME = AppIcon;
				ASSETCATALOG_COMPILER_GLOBAL_ACCENT_COLOR_NAME = AccentColor;
				CODE_SIGN_ENTITLEMENTS = carsscrap/carsscrap.entitlements;
				CODE_SIGN_STYLE = Automatic;
				COMBINE_HIDPI_IMAGES = YES;
				CURRENT_PROJECT_VERSION = 1;
				DEVELOPMENT_ASSET_PATHS = "\"carsscrap/Preview Content\"";
				DEVELOPMENT_TEAM = SYG4MRH5NK;
				ENABLE_HARDENED_RUNTIME = YES;
				ENABLE_PREVIEWS = YES;
				GENERATE_INFOPLIST_FILE = YES;
				INFOPLIST_KEY_CFBundleDisplayName = "Cars Scrap";
				INFOPLIST_KEY_NSHumanReadableCopyright = "";
				LD_RUNPATH_SEARCH_PATHS = (
					"$(inherited)",
					"@executable_path/../Frameworks",
				);
				MACOSX_DEPLOYMENT_TARGET = 14.0;
				MARKETING_VERSION = 1.0;
				PRODUCT_BUNDLE_IDENTIFIER = com.darekbx.macos.carsscrap;
				PRODUCT_NAME = "$(TARGET_NAME)";
				SWIFT_EMIT_LOC_STRINGS = YES;
				SWIFT_VERSION = 5.0;
			};
			name = Debug;
		};
		E593E5492CEBC56700184CB3 /* Release */ = {
			isa = XCBuildConfiguration;
			buildSettings = {
				ASSETCATALOG_COMPILER_APPICON_NAME = AppIcon;
				ASSETCATALOG_COMPILER_GLOBAL_ACCENT_COLOR_NAME = AccentColor;
				CODE_SIGN_ENTITLEMENTS = carsscrap/carsscrap.entitlements;
				CODE_SIGN_STYLE = Automatic;
				COMBINE_HIDPI_IMAGES = YES;
				CURRENT_PROJECT_VERSION = 1;
				DEVELOPMENT_ASSET_PATHS = "\"carsscrap/Preview Content\"";
				DEVELOPMENT_TEAM = SYG4MRH5NK;
				ENABLE_HARDENED_RUNTIME = YES;
				ENABLE_PREVIEWS = YES;
				GENERATE_INFOPLIST_FILE = YES;
				INFOPLIST_KEY_CFBundleDisplayName = "Cars Scrap";
				INFOPLIST_KEY_NSHumanReadableCopyright = "";
				LD_RUNPATH_SEARCH_PATHS = (
					"$(inherited)",
					"@executable_path/../Frameworks",
				);
				MACOSX_DEPLOYMENT_TARGET = 14.0;
				MARKETING_VERSION = 1.0;
				PRODUCT_BUNDLE_IDENTIFIER = com.darekbx.macos.carsscrap;
				PRODUCT_NAME = "$(TARGET_NAME)";
				SWIFT_EMIT_LOC_STRINGS = YES;
				SWIFT_VERSION = 5.0;
			};
			name = Release;
		};
/* End XCBuildConfiguration section */

/* Begin XCConfigurationList section */
		E593E5312CEBC56500184CB3 /* Build configuration list for PBXProject "carsscrap" */ = {
			isa = XCConfigurationList;
			buildConfigurations = (
				E593E5452CEBC56700184CB3 /* Debug */,
				E593E5462CEBC56700184CB3 /* Release */,
			);
			defaultConfigurationIsVisible = 0;
			defaultConfigurationName = Release;
		};
		E593E5472CEBC56700184CB3 /* Build configuration list for PBXNativeTarget "carsscrap" */ = {
			isa = XCConfigurationList;
			buildConfigurations = (
				E593E5482CEBC56700184CB3 /* Debug */,
				E593E5492CEBC56700184CB3 /* Release */,
			);
			defaultConfigurationIsVisible = 0;
			defaultConfigurationName = Release;
		};
/* End XCConfigurationList section */
	};
	rootObject = E593E52E2CEBC56500184CB3 /* Project object */;
}
